PATH
  remote: .
  specs:
    stochastic_words (0.0.1)
      activerecord (~> 7.0.4)
      httparty
      nokogiri
      sqlite3 (~> 1.6.0)
      yaml

GEM
  remote: https://rubygems.org/
  specs:
    activemodel (7.0.10)
      activesupport (= 7.0.10)
    activerecord (7.0.10)
      activemodel (= 7.0.10)
      activesupport (= 7.0.10)
    activesupport (7.0.10)
      base64
      benchmark (>= 0.3)
      bigdecimal
      concurrent-ruby (~> 1.0, >= 1.0.2)
      drb
      i18n (>= 1.6, < 2)
      logger (>= 1.4.2)
      minitest (>= 5.1)
      mutex_m
      securerandom (>= 0.3)
      tzinfo (~> 2.0)
    base64 (0.3.0)
    benchmark (0.5.0)
    bigdecimal (4.1.2)
    concurrent-ruby (1.3.8)
    csv (3.3.6)
    drb (2.2.3)
    httparty (0.24.2)
      csv
      mini_mime (>= 1.0.0)
      multi_xml (>= 0.5.2)
    i18n (1.14.8)
      concurrent-ruby (~> 1.0)
    logger (1.7.0)
    mini_mime (1.1.5)
    mini_portile2 (2.8.9)
    minitest (5.26.1)
    multi_xml (0.6.0)
    mutex_m (0.3.0)
    nokogiri (1.15.7)
      mini_portile2 (~> 2.8.2)
      racc (~> 1.4)
    racc (1.8.1)
    securerandom (0.3.2)
    sqlite3 (1.6.9)
      mini_portile2 (~> 2.8.0)
    tzinfo (2.0.6)
      concurrent-ruby (~> 1.0)
    yaml (0.4.0)

PLATFORMS
  ruby
  x86_64-darwin-21

DEPENDENCIES
  stochastic_words!

RUBY VERSION
   ruby 2.7.4p191

BUNDLED WITH
   2.3.13
